{
  "name": "creating-explainer-videos-skill",
  "version": "2.0.0",
  "lockfileVersion": 3,
  "requires": true,
  "packages": {
    "": {
      "name": "creating-explainer-videos-skill",
      "version": "2.0.0",
      "license": "MIT",
      "bin": {
        "ai-principle-video-skill": "bin/ai-principle-video-skill.mjs",
        "explainer-video-skill": "bin/explainer-video-skill.mjs"
      },
      "engines": {
        "node": ">=18"
      }
    }
  }
}
